# THIS IS AN AUTOGENERATED FILE. DO NOT EDIT THIS FILE DIRECTLY.
# yarn lockfile v1


"@remix-run/router@1.19.2":
  version "1.19.2"
  resolved "https://registry.yarnpkg.com/@remix-run/router/-/router-1.19.2.tgz#0c896535473291cb41f152c180bedd5680a3b273"
  integrity sha512-baiMx18+IMuD1yyvOGaHM9QrVUPGGG0jC+z+IPHnRJWUAUvaKuWKyE8gjDj2rzv3sz9zOGoRSPgeBVHRhZnBlA==

react-router-dom@^6.26.2:
  version "6.26.2"
  resolved "https://registry.yarnpkg.com/react-router-dom/-/react-router-dom-6.26.2.tgz#a6e3b0cbd6bfd508e42b9342099d015a0ac59680"
  integrity sha512-z7YkaEW0Dy35T3/QKPYB1LjMK2R1fxnHO8kWpUMTBdfVzZrWOiY9a7CtN8HqdWtDUWd5FY6Dl8HFsqVwH4uOtQ==
  dependencies:
    "@remix-run/router" "1.19.2"
    react-router "6.26.2"

react-router@6.26.2:
  version "6.26.2"
  resolved "https://registry.yarnpkg.com/react-router/-/react-router-6.26.2.tgz#2f0a68999168954431cdc29dd36cec3b6fa44a7e"
  integrity sha512-tvN1iuT03kHgOFnLPfLJ8V95eijteveqdOSk+srqfePtQvqCExB8eHOYnlilbOcyJyKnYkr1vJvf7YqotAJu1A==
  dependencies:
    "@remix-run/router" "1.19.2"
